# This file is automatically @generated by Cargo.
# It is not intended for manual editing.
version = 4

[[package]]
name = "anyhow"
version = "1.0.93"
source = "registry+https://github.com/rust-lang/crates.io-index"
checksum = "4c95c10ba0b00a02636238b814946408b1322d5ac4760326e6fb8ec956d85775"

[[package]]
name = "day_6"
version = "0.1.0"
dependencies = [
 "anyhow",
 "grid",
]

[[package]]
name = "grid"
version = "0.15.0"
source = "registry+https://github.com/rust-lang/crates.io-index"
checksum = "36119f3a540b086b4e436bb2b588cf98a68863470e0e880f4d0842f112a3183a"
